# This file is automatically @generated by Cargo.
# It is not intended for manual editing.
version = 4

[[package]]
name = "yx-common"
version = "0.1.0"

[[package]]
name = "yx-external"
version = "0.1.0"
dependencies = [
 "yx-common",
]

[[package]]
name = "yx-internal"
version = "0.1.0"
dependencies = [
 "yx-common",
]
